
Microsoft Visual Studio Solution File, Format Version 12.00
# Visual Studio 2013
VisualStudioVersion = 12.0.31101.0
MinimumVisualStudioVersion = 10.0.40219.1
Project("{FAE04EC0-301F-11D3-BF4B-00C04F79EFBC}") = "CompressionApplication", "CompressionApplication.csproj", "{8A1C2354-745D-41D9-A10E-F9FD1E2EBE7B}"
EndProject
Project("{FAE04EC0-301F-11D3-BF4B-00C04F79EFBC}") = "CompressionTests", "CompressionTests\CompressionTests.csproj", "{894A73F0-54D0-42E2-8D9F-DCCBF04D97FF}"
EndProject
Global
	GlobalSection(SolutionConfigurationPlatforms) = preSolution
		Debug|Any CPU = Debug|Any CPU
		Release|Any CPU = Release|Any CPU
	EndGlobalSection
	GlobalSection(ProjectConfigurationPlatforms) = postSolution
		{8A1C2354-745D-41D9-A10E-F9FD1E2EBE7B}.Debug|Any CPU.ActiveCfg = Debug|Any CPU
		{8A1C2354-745D-41D9-A10E-F9FD1E2EBE7B}.Debug|Any CPU.Build.0 = Debug|Any CPU
		{8A1C2354-745D-41D9-A10E-F9FD1E2EBE7B}.Release|Any CPU.ActiveCfg = Release|Any CPU
		{8A1C2354-745D-41D9-A10E-F9FD1E2EBE7B}.Release|Any CPU.Build.0 = Release|Any CPU
		{894A73F0-54D0-42E2-8D9F-DCCBF04D97FF}.Debug|Any CPU.ActiveCfg = Debug|Any CPU
		{894A73F0-54D0-42E2-8D9F-DCCBF04D97FF}.Debug|Any CPU.Build.0 = Debug|Any CPU
		{894A73F0-54D0-42E2-8D9F-DCCBF04D97FF}.Release|Any CPU.ActiveCfg = Release|Any CPU
		{894A73F0-54D0-42E2-8D9F-DCCBF04D97FF}.Release|Any CPU.Build.0 = Release|Any CPU
	EndGlobalSection
	GlobalSection(SolutionProperties) = preSolution
		HideSolutionNode = FALSE
	EndGlobalSection
EndGlobal
